
Microsoft Visual Studio Solution File, Format Version 12.00
# Visual Studio Version 17
VisualStudioVersion = 17.3.32804.467
MinimumVisualStudioVersion = 10.0.40219.1
Project("{FAE04EC0-301F-11D3-BF4B-00C04F79EFBC}") = "AspStyle", "AspStyle\AspStyle.csproj", "{249FF8EC-31C7-4833-8889-2B144483F9E3}"
EndProject
Global
	GlobalSection(SolutionConfigurationPlatforms) = preSolution
		Debug|Any CPU = Debug|Any CPU
		Release|Any CPU = Release|Any CPU
	EndGlobalSection
	GlobalSection(ProjectConfigurationPlatforms) = postSolution
		{249FF8EC-31C7-4833-8889-2B144483F9E3}.Debug|Any CPU.ActiveCfg = Debug|Any CPU
		{249FF8EC-31C7-4833-8889-2B144483F9E3}.Debug|Any CPU.Build.0 = Debug|Any CPU
		{249FF8EC-31C7-4833-8889-2B144483F9E3}.Release|Any CPU.ActiveCfg = Release|Any CPU
		{249FF8EC-31C7-4833-8889-2B144483F9E3}.Release|Any CPU.Build.0 = Release|Any CPU
	EndGlobalSection
	GlobalSection(SolutionProperties) = preSolution
		HideSolutionNode = FALSE
	EndGlobalSection
	GlobalSection(ExtensibilityGlobals) = postSolution
		SolutionGuid = {63290364-5FC2-4508-91B0-8C49439EE268}
	EndGlobalSection
EndGlobal
